
Microsoft Visual Studio Solution File, Format Version 12.00
# Visual Studio 15
VisualStudioVersion = 15.0.28307.902
MinimumVisualStudioVersion = 10.0.40219.1
Project("{FAE04EC0-301F-11D3-BF4B-00C04F79EFBC}") = "ConsoleApp3", "ConsoleApp3\ConsoleApp3.csproj", "{8DBBF07F-F6EC-4D05-908E-C2D0F4E2FB36}"
EndProject
Global
	GlobalSection(SolutionConfigurationPlatforms) = preSolution
		Debug|Any CPU = Debug|Any CPU
		Release|Any CPU = Release|Any CPU
	EndGlobalSection
	GlobalSection(ProjectConfigurationPlatforms) = postSolution
		{8DBBF07F-F6EC-4D05-908E-C2D0F4E2FB36}.Debug|Any CPU.ActiveCfg = Debug|Any CPU
		{8DBBF07F-F6EC-4D05-908E-C2D0F4E2FB36}.Debug|Any CPU.Build.0 = Debug|Any CPU
		{8DBBF07F-F6EC-4D05-908E-C2D0F4E2FB36}.Release|Any CPU.ActiveCfg = Release|Any CPU
		{8DBBF07F-F6EC-4D05-908E-C2D0F4E2FB36}.Release|Any CPU.Build.0 = Release|Any CPU
	EndGlobalSection
	GlobalSection(SolutionProperties) = preSolution
		HideSolutionNode = FALSE
	EndGlobalSection
	GlobalSection(ExtensibilityGlobals) = postSolution
		SolutionGuid = {FAAED00C-82BD-4373-AC2E-EFE028728467}
	EndGlobalSection
EndGlobal
